
Microsoft Visual Studio Solution File, Format Version 12.00
# Visual Studio 14
VisualStudioVersion = 14.0.23107.0
MinimumVisualStudioVersion = 10.0.40219.1
Project("{FAE04EC0-301F-11D3-BF4B-00C04F79EFBC}") = "EmtpyStringAnalyzer", "EmtpyStringAnalyzer\EmtpyStringAnalyzer\EmtpyStringAnalyzer.csproj", "{8420744D-E097-47FD-B135-DD3BB4C03021}"
EndProject
Project("{FAE04EC0-301F-11D3-BF4B-00C04F79EFBC}") = "EmtpyStringAnalyzer.Test", "EmtpyStringAnalyzer\EmtpyStringAnalyzer.Test\EmtpyStringAnalyzer.Test.csproj", "{6A436305-EEA8-4730-B454-1A9E60DF7BC4}"
EndProject
Project("{FAE04EC0-301F-11D3-BF4B-00C04F79EFBC}") = "EmtpyStringAnalyzer.Vsix", "EmtpyStringAnalyzer\EmtpyStringAnalyzer.Vsix\EmtpyStringAnalyzer.Vsix.csproj", "{6131ED7C-9477-4850-9CDC-6AD0E6D9AE01}"
EndProject
Global
	GlobalSection(SolutionConfigurationPlatforms) = preSolution
		Debug|Any CPU = Debug|Any CPU
		Release|Any CPU = Release|Any CPU
	EndGlobalSection
	GlobalSection(ProjectConfigurationPlatforms) = postSolution
		{8420744D-E097-47FD-B135-DD3BB4C03021}.Debug|Any CPU.ActiveCfg = Debug|Any CPU
		{8420744D-E097-47FD-B135-DD3BB4C03021}.Debug|Any CPU.Build.0 = Debug|Any CPU
		{8420744D-E097-47FD-B135-DD3BB4C03021}.Release|Any CPU.ActiveCfg = Release|Any CPU
		{8420744D-E097-47FD-B135-DD3BB4C03021}.Release|Any CPU.Build.0 = Release|Any CPU
		{6A436305-EEA8-4730-B454-1A9E60DF7BC4}.Debug|Any CPU.ActiveCfg = Debug|Any CPU
		{6A436305-EEA8-4730-B454-1A9E60DF7BC4}.Debug|Any CPU.Build.0 = Debug|Any CPU
		{6A436305-EEA8-4730-B454-1A9E60DF7BC4}.Release|Any CPU.ActiveCfg = Release|Any CPU
		{6A436305-EEA8-4730-B454-1A9E60DF7BC4}.Release|Any CPU.Build.0 = Release|Any CPU
		{6131ED7C-9477-4850-9CDC-6AD0E6D9AE01}.Debug|Any CPU.ActiveCfg = Debug|Any CPU
		{6131ED7C-9477-4850-9CDC-6AD0E6D9AE01}.Debug|Any CPU.Build.0 = Debug|Any CPU
		{6131ED7C-9477-4850-9CDC-6AD0E6D9AE01}.Release|Any CPU.ActiveCfg = Release|Any CPU
		{6131ED7C-9477-4850-9CDC-6AD0E6D9AE01}.Release|Any CPU.Build.0 = Release|Any CPU
	EndGlobalSection
	GlobalSection(SolutionProperties) = preSolution
		HideSolutionNode = FALSE
	EndGlobalSection
EndGlobal
