
Microsoft Visual Studio Solution File, Format Version 12.00
# Visual Studio 14
VisualStudioVersion = 14.0.23107.0
MinimumVisualStudioVersion = 10.0.40219.1
Project("{FAE04EC0-301F-11D3-BF4B-00C04F79EFBC}") = "AsyncAnalyzer", "AsyncAnalyzer\AsyncAnalyzer\AsyncAnalyzer.csproj", "{FA4C7E4D-4104-48CA-8E90-88B11CE4685A}"
EndProject
Project("{FAE04EC0-301F-11D3-BF4B-00C04F79EFBC}") = "AsyncAnalyzer.Test", "AsyncAnalyzer\AsyncAnalyzer.Test\AsyncAnalyzer.Test.csproj", "{A5ED25C2-F4EF-43C4-9B09-872EE9EB5633}"
EndProject
Project("{FAE04EC0-301F-11D3-BF4B-00C04F79EFBC}") = "AsyncAnalyzer.Vsix", "AsyncAnalyzer\AsyncAnalyzer.Vsix\AsyncAnalyzer.Vsix.csproj", "{8B31D4D8-9881-4CBB-BDA9-4547A233AB6C}"
EndProject
Global
	GlobalSection(SolutionConfigurationPlatforms) = preSolution
		Debug|Any CPU = Debug|Any CPU
		Release|Any CPU = Release|Any CPU
	EndGlobalSection
	GlobalSection(ProjectConfigurationPlatforms) = postSolution
		{FA4C7E4D-4104-48CA-8E90-88B11CE4685A}.Debug|Any CPU.ActiveCfg = Debug|Any CPU
		{FA4C7E4D-4104-48CA-8E90-88B11CE4685A}.Debug|Any CPU.Build.0 = Debug|Any CPU
		{FA4C7E4D-4104-48CA-8E90-88B11CE4685A}.Release|Any CPU.ActiveCfg = Release|Any CPU
		{FA4C7E4D-4104-48CA-8E90-88B11CE4685A}.Release|Any CPU.Build.0 = Release|Any CPU
		{A5ED25C2-F4EF-43C4-9B09-872EE9EB5633}.Debug|Any CPU.ActiveCfg = Debug|Any CPU
		{A5ED25C2-F4EF-43C4-9B09-872EE9EB5633}.Debug|Any CPU.Build.0 = Debug|Any CPU
		{A5ED25C2-F4EF-43C4-9B09-872EE9EB5633}.Release|Any CPU.ActiveCfg = Release|Any CPU
		{A5ED25C2-F4EF-43C4-9B09-872EE9EB5633}.Release|Any CPU.Build.0 = Release|Any CPU
		{8B31D4D8-9881-4CBB-BDA9-4547A233AB6C}.Debug|Any CPU.ActiveCfg = Debug|Any CPU
		{8B31D4D8-9881-4CBB-BDA9-4547A233AB6C}.Debug|Any CPU.Build.0 = Debug|Any CPU
		{8B31D4D8-9881-4CBB-BDA9-4547A233AB6C}.Release|Any CPU.ActiveCfg = Release|Any CPU
		{8B31D4D8-9881-4CBB-BDA9-4547A233AB6C}.Release|Any CPU.Build.0 = Release|Any CPU
	EndGlobalSection
	GlobalSection(SolutionProperties) = preSolution
		HideSolutionNode = FALSE
	EndGlobalSection
EndGlobal
